
Microsoft Visual Studio Solution File, Format Version 12.00
# Visual Studio Version 17
VisualStudioVersion = 17.5.002.0
MinimumVisualStudioVersion = 10.0.40219.1
Project("{9A19103F-16F7-4668-BE54-9A1E7A4F7556}") = "TemperatureConverter", "TemperatureConverter.csproj", "{283924FC-C3A8-4F76-A191-1EB563F5F341}"
EndProject
Global
	GlobalSection(SolutionConfigurationPlatforms) = preSolution
		Debug|Any CPU = Debug|Any CPU
		Release|Any CPU = Release|Any CPU
	EndGlobalSection
	GlobalSection(ProjectConfigurationPlatforms) = postSolution
		{283924FC-C3A8-4F76-A191-1EB563F5F341}.Debug|Any CPU.ActiveCfg = Debug|Any CPU
		{283924FC-C3A8-4F76-A191-1EB563F5F341}.Debug|Any CPU.Build.0 = Debug|Any CPU
		{283924FC-C3A8-4F76-A191-1EB563F5F341}.Release|Any CPU.ActiveCfg = Release|Any CPU
		{283924FC-C3A8-4F76-A191-1EB563F5F341}.Release|Any CPU.Build.0 = Release|Any CPU
	EndGlobalSection
	GlobalSection(SolutionProperties) = preSolution
		HideSolutionNode = FALSE
	EndGlobalSection
	GlobalSection(ExtensibilityGlobals) = postSolution
		SolutionGuid = {95E4F7DF-D5AB-444D-9261-37F0A2287AF2}
	EndGlobalSection
EndGlobal
